# This file is automatically @generated by Poetry 2.1.3 and should not be changed by hand.

[[package]]
name = "prompt-toolkit"
version = "3.0.52"
description = "Library for building powerful interactive command lines in Python"
optional = false
python-versions = ">=3.8"
groups = ["main"]
files = [
    {file = "prompt_toolkit-3.0.52-py3-none-any.whl", hash = "sha256:9aac639a3bbd33284347de5ad8d68ecc044b91a762dc39b7c21095fcd6a19955"},
    {file = "prompt_toolkit-3.0.52.tar.gz", hash = "sha256:28cde192929c8e7321de85de1ddbe736f1375148b02f2e17edd840042b1be855"},
]

[package.dependencies]
wcwidth = "*"

[[package]]
name = "pyrfc"
version = "3.3.1"
description = "Python bindings for SAP NetWeaver RFC SDK"
optional = false
python-versions = ">=3.8"
groups = ["main"]
files = [
    {file = "pyrfc-3.3.1-cp310-cp310-macosx_13_0_arm64.whl", hash = "sha256:c67955f1e5991e16678c47810fa53071a7fe4c75f3efb6a46a3bea0fb02b26a1"},
    {file = "pyrfc-3.3.1-cp310-cp310-win_amd64.whl", hash = "sha256:17b3b58055f5d50ce2e31b371ac34859300b77e9fcb764a085074532e0fce15d"},
    {file = "pyrfc-3.3.1-cp311-cp311-macosx_14_0_arm64.whl", hash = "sha256:bee43ec984f3757dba355d540ea3011c82e06a324b4c382503e4856248496cb8"},
    {file = "pyrfc-3.3.1-cp311-cp311-win_amd64.whl", hash = "sha256:fc8115d9a6e12c34199a6add47c57f5e875749b6a76a068f82219b5e45cf7995"},
    {file = "pyrfc-3.3.1-cp312-cp312-macosx_14_0_arm64.whl", hash = "sha256:13eb9e799ac9b71a1145b7e21a667bf74b5b1092f4328961b72203f5e93dcacc"},
    {file = "pyrfc-3.3.1-cp312-cp312-win_amd64.whl", hash = "sha256:9bc668c47b998a8a79d89d5dbd3eaf108b87a1e4b81ba23057aba3931e50918c"},
    {file = "pyrfc-3.3.1-cp38-cp38-macosx_13_0_arm64.whl", hash = "sha256:db5f48bbd15d98f7457d43670524916a5f61c422a1ae6942352694c91e57ae72"},
    {file = "pyrfc-3.3.1-cp38-cp38-win_amd64.whl", hash = "sha256:a041ad34ec5f7d35e86e527ec567a4e2b365706c1d894a92100935b7c1721af4"},
    {file = "pyrfc-3.3.1-cp39-cp39-macosx_13_0_arm64.whl", hash = "sha256:9819e142bf66492004d7eeb70a264b438b0adaea392e98b175e0b30d4e02e62c"},
    {file = "pyrfc-3.3.1-cp39-cp39-win_amd64.whl", hash = "sha256:258c8ec3506c90c827d07f7c6e31c6f1cbc5a66a4d8136923b97c7ffa5457904"},
    {file = "pyrfc-3.3.1.tar.gz", hash = "sha256:f04eb881f5747b4a4e13150dd62e011c0abddb8f392239be76000b7b6437c7cd"},
]

[[package]]
name = "wcwidth"
version = "0.2.13"
description = "Measures the displayed width of unicode strings in a terminal"
optional = false
python-versions = "*"
groups = ["main"]
files = [
    {file = "wcwidth-0.2.13-py2.py3-none-any.whl", hash = "sha256:3da69048e4540d84af32131829ff948f1e022c1c6bdb8d6102117aac784f6859"},
    {file = "wcwidth-0.2.13.tar.gz", hash = "sha256:72ea0c06399eb286d978fdedb6923a9eb47e1c486ce63e9b4e64fc18303972b5"},
]

[metadata]
lock-version = "2.1"
python-versions = ">=3.9,<4.0"
content-hash = "38075bab4d43ceb3fa74a78d8c80ededc855a0425bb4b85c71214d3c4e4f6a72"
